
Microsoft Visual Studio Solution File, Format Version 12.00
# Visual Studio 15
VisualStudioVersion = 15.0.27703.2026
MinimumVisualStudioVersion = 10.0.40219.1
Project("{FAE04EC0-301F-11D3-BF4B-00C04F79EFBC}") = "CBD", "CBD\CBD.csproj", "{60275A92-EFB4-4F38-801E-33792CC9D154}"
EndProject
Project("{FAE04EC0-301F-11D3-BF4B-00C04F79EFBC}") = "CBD.BAL", "CBD.BAL\CBD.BAL.csproj", "{754EEA22-370A-4F4E-8FD3-070B889F3B55}"
EndProject
Project("{FAE04EC0-301F-11D3-BF4B-00C04F79EFBC}") = "CBD.DAL", "CBD.DAL\CBD.DAL.csproj", "{7124EA4F-7B8F-4438-B25B-52965EE4A02D}"
EndProject
Project("{FAE04EC0-301F-11D3-BF4B-00C04F79EFBC}") = "CBD.Model", "CBD.Model\CBD.Model.csproj", "{7B3C2826-05C0-4808-AFD5-AA1F352791E3}"
EndProject
Global
	GlobalSection(SolutionConfigurationPlatforms) = preSolution
		Debug|Any CPU = Debug|Any CPU
		Release|Any CPU = Release|Any CPU
	EndGlobalSection
	GlobalSection(ProjectConfigurationPlatforms) = postSolution
		{60275A92-EFB4-4F38-801E-33792CC9D154}.Debug|Any CPU.ActiveCfg = Debug|Any CPU
		{60275A92-EFB4-4F38-801E-33792CC9D154}.Debug|Any CPU.Build.0 = Debug|Any CPU
		{60275A92-EFB4-4F38-801E-33792CC9D154}.Release|Any CPU.ActiveCfg = Release|Any CPU
		{60275A92-EFB4-4F38-801E-33792CC9D154}.Release|Any CPU.Build.0 = Release|Any CPU
		{754EEA22-370A-4F4E-8FD3-070B889F3B55}.Debug|Any CPU.ActiveCfg = Debug|Any CPU
		{754EEA22-370A-4F4E-8FD3-070B889F3B55}.Debug|Any CPU.Build.0 = Debug|Any CPU
		{754EEA22-370A-4F4E-8FD3-070B889F3B55}.Release|Any CPU.ActiveCfg = Release|Any CPU
		{754EEA22-370A-4F4E-8FD3-070B889F3B55}.Release|Any CPU.Build.0 = Release|Any CPU
		{7124EA4F-7B8F-4438-B25B-52965EE4A02D}.Debug|Any CPU.ActiveCfg = Debug|Any CPU
		{7124EA4F-7B8F-4438-B25B-52965EE4A02D}.Debug|Any CPU.Build.0 = Debug|Any CPU
		{7124EA4F-7B8F-4438-B25B-52965EE4A02D}.Release|Any CPU.ActiveCfg = Release|Any CPU
		{7124EA4F-7B8F-4438-B25B-52965EE4A02D}.Release|Any CPU.Build.0 = Release|Any CPU
		{7B3C2826-05C0-4808-AFD5-AA1F352791E3}.Debug|Any CPU.ActiveCfg = Debug|Any CPU
		{7B3C2826-05C0-4808-AFD5-AA1F352791E3}.Debug|Any CPU.Build.0 = Debug|Any CPU
		{7B3C2826-05C0-4808-AFD5-AA1F352791E3}.Release|Any CPU.ActiveCfg = Release|Any CPU
		{7B3C2826-05C0-4808-AFD5-AA1F352791E3}.Release|Any CPU.Build.0 = Release|Any CPU
	EndGlobalSection
	GlobalSection(SolutionProperties) = preSolution
		HideSolutionNode = FALSE
	EndGlobalSection
	GlobalSection(ExtensibilityGlobals) = postSolution
		SolutionGuid = {D642B975-1BA2-472A-A095-9E233DC92B38}
	EndGlobalSection
EndGlobal
